
Microsoft Visual Studio Solution File, Format Version 12.00
# Visual Studio Version 16
VisualStudioVersion = 16.0.29403.142
MinimumVisualStudioVersion = 10.0.40219.1
Project("{FAE04EC0-301F-11D3-BF4B-00C04F79EFBC}") = "Airline_info", "Airline_info\Airline_info.csproj", "{5190F83B-C7AA-4B2D-8594-A6D4777F07AD}"
EndProject
Global
	GlobalSection(SolutionConfigurationPlatforms) = preSolution
		Debug|Any CPU = Debug|Any CPU
		Release|Any CPU = Release|Any CPU
	EndGlobalSection
	GlobalSection(ProjectConfigurationPlatforms) = postSolution
		{5190F83B-C7AA-4B2D-8594-A6D4777F07AD}.Debug|Any CPU.ActiveCfg = Debug|Any CPU
		{5190F83B-C7AA-4B2D-8594-A6D4777F07AD}.Debug|Any CPU.Build.0 = Debug|Any CPU
		{5190F83B-C7AA-4B2D-8594-A6D4777F07AD}.Release|Any CPU.ActiveCfg = Release|Any CPU
		{5190F83B-C7AA-4B2D-8594-A6D4777F07AD}.Release|Any CPU.Build.0 = Release|Any CPU
	EndGlobalSection
	GlobalSection(SolutionProperties) = preSolution
		HideSolutionNode = FALSE
	EndGlobalSection
	GlobalSection(ExtensibilityGlobals) = postSolution
		SolutionGuid = {AAFCF659-70CE-48C0-BBBE-9A3633F62887}
	EndGlobalSection
EndGlobal
